
Microsoft Visual Studio Solution File, Format Version 12.00
# Visual Studio Version 17
VisualStudioVersion = 17.1.32421.90
MinimumVisualStudioVersion = 10.0.40219.1
Project("{2150E333-8FDC-42A3-9474-1A3956D46DE8}") = "Services", "Services", "{C5240735-8F0A-47B2-8085-58428A95DA94}"
EndProject
Project("{2150E333-8FDC-42A3-9474-1A3956D46DE8}") = "Cataog", "Cataog", "{498AFB2B-6F35-455D-A973-EBA95FAB9C05}"
EndProject
Project("{9A19103F-16F7-4668-BE54-9A1E7A4F7556}") = "Catalog.API", "Services\Catalog\Catalog.API\Catalog.API.csproj", "{688372CA-8854-4ED4-ACDA-3F3BAE6293E6}"
EndProject
Project("{E53339B2-1760-4266-BCC7-CA923CBCF16C}") = "docker-compose", "docker-compose.dcproj", "{0F6814A3-506E-4ABD-B549-E32E46E681FE}"
EndProject
Project("{2150E333-8FDC-42A3-9474-1A3956D46DE8}") = "Basket", "Basket", "{9EED3077-8768-4988-A233-67EC950B7BFF}"
EndProject
Project("{9A19103F-16F7-4668-BE54-9A1E7A4F7556}") = "Basket.API", "Services\Basket\Basket.API\Basket.API.csproj", "{3CF7FF78-CCFF-4336-97B4-F23C32B90C0C}"
EndProject
Project("{2150E333-8FDC-42A3-9474-1A3956D46DE8}") = "Discount", "Discount", "{7C34A078-B075-4ACC-A69D-D8B8D460FAC3}"
EndProject
Project("{9A19103F-16F7-4668-BE54-9A1E7A4F7556}") = "Discount.API", "Services\Discount\Discount.API\Discount.API.csproj", "{4D443439-124C-4979-BFF9-18936DBCC88A}"
EndProject
Project("{9A19103F-16F7-4668-BE54-9A1E7A4F7556}") = "Discount.Grpc", "Services\Discount\Discount.Grpc\Discount.Grpc.csproj", "{50B7EED0-1010-4C69-9071-9017C943CCEA}"
EndProject
Project("{2150E333-8FDC-42A3-9474-1A3956D46DE8}") = "Ordering", "Ordering", "{705ABDB9-8705-4F28-970C-5E1051D7A50B}"
EndProject
Project("{FAE04EC0-301F-11D3-BF4B-00C04F79EFBC}") = "Ordering.API", "Services\Ordering\Ordering.API\Ordering.API.csproj", "{79AF8C09-ECA0-4610-ACD5-D26515CE9690}"
EndProject
Project("{FAE04EC0-301F-11D3-BF4B-00C04F79EFBC}") = "Ordering.Domain", "Services\Ordering\Ordering.Domain\Ordering.Domain.csproj", "{10B589A3-1FB0-48A9-9AE4-A61A23E123C2}"
EndProject
Project("{FAE04EC0-301F-11D3-BF4B-00C04F79EFBC}") = "Ordering.Application", "Services\Ordering\Ordering.Application\Ordering.Application.csproj", "{23F7D33E-A185-488E-8693-45663678A6B1}"
EndProject
Project("{FAE04EC0-301F-11D3-BF4B-00C04F79EFBC}") = "Ordering.Infrastructure", "Services\Ordering\Ordering.Infrastructure\Ordering.Infrastructure.csproj", "{62F433D8-3FF1-498F-95D1-4A8294631911}"
EndProject
Global
	GlobalSection(SolutionConfigurationPlatforms) = preSolution
		Debug|Any CPU = Debug|Any CPU
		Release|Any CPU = Release|Any CPU
	EndGlobalSection
	GlobalSection(ProjectConfigurationPlatforms) = postSolution
		{688372CA-8854-4ED4-ACDA-3F3BAE6293E6}.Debug|Any CPU.ActiveCfg = Debug|Any CPU
		{688372CA-8854-4ED4-ACDA-3F3BAE6293E6}.Debug|Any CPU.Build.0 = Debug|Any CPU
		{688372CA-8854-4ED4-ACDA-3F3BAE6293E6}.Release|Any CPU.ActiveCfg = Release|Any CPU
		{688372CA-8854-4ED4-ACDA-3F3BAE6293E6}.Release|Any CPU.Build.0 = Release|Any CPU
		{0F6814A3-506E-4ABD-B549-E32E46E681FE}.Debug|Any CPU.ActiveCfg = Debug|Any CPU
		{0F6814A3-506E-4ABD-B549-E32E46E681FE}.Debug|Any CPU.Build.0 = Debug|Any CPU
		{0F6814A3-506E-4ABD-B549-E32E46E681FE}.Release|Any CPU.ActiveCfg = Release|Any CPU
		{0F6814A3-506E-4ABD-B549-E32E46E681FE}.Release|Any CPU.Build.0 = Release|Any CPU
		{3CF7FF78-CCFF-4336-97B4-F23C32B90C0C}.Debug|Any CPU.ActiveCfg = Debug|Any CPU
		{3CF7FF78-CCFF-4336-97B4-F23C32B90C0C}.Debug|Any CPU.Build.0 = Debug|Any CPU
		{3CF7FF78-CCFF-4336-97B4-F23C32B90C0C}.Release|Any CPU.ActiveCfg = Release|Any CPU
		{3CF7FF78-CCFF-4336-97B4-F23C32B90C0C}.Release|Any CPU.Build.0 = Release|Any CPU
		{4D443439-124C-4979-BFF9-18936DBCC88A}.Debug|Any CPU.ActiveCfg = Debug|Any CPU
		{4D443439-124C-4979-BFF9-18936DBCC88A}.Debug|Any CPU.Build.0 = Debug|Any CPU
		{4D443439-124C-4979-BFF9-18936DBCC88A}.Release|Any CPU.ActiveCfg = Release|Any CPU
		{4D443439-124C-4979-BFF9-18936DBCC88A}.Release|Any CPU.Build.0 = Release|Any CPU
		{50B7EED0-1010-4C69-9071-9017C943CCEA}.Debug|Any CPU.ActiveCfg = Debug|Any CPU
		{50B7EED0-1010-4C69-9071-9017C943CCEA}.Debug|Any CPU.Build.0 = Debug|Any CPU
		{50B7EED0-1010-4C69-9071-9017C943CCEA}.Release|Any CPU.ActiveCfg = Release|Any CPU
		{50B7EED0-1010-4C69-9071-9017C943CCEA}.Release|Any CPU.Build.0 = Release|Any CPU
		{79AF8C09-ECA0-4610-ACD5-D26515CE9690}.Debug|Any CPU.ActiveCfg = Debug|Any CPU
		{79AF8C09-ECA0-4610-ACD5-D26515CE9690}.Debug|Any CPU.Build.0 = Debug|Any CPU
		{79AF8C09-ECA0-4610-ACD5-D26515CE9690}.Release|Any CPU.ActiveCfg = Release|Any CPU
		{79AF8C09-ECA0-4610-ACD5-D26515CE9690}.Release|Any CPU.Build.0 = Release|Any CPU
		{10B589A3-1FB0-48A9-9AE4-A61A23E123C2}.Debug|Any CPU.ActiveCfg = Debug|Any CPU
		{10B589A3-1FB0-48A9-9AE4-A61A23E123C2}.Debug|Any CPU.Build.0 = Debug|Any CPU
		{10B589A3-1FB0-48A9-9AE4-A61A23E123C2}.Release|Any CPU.ActiveCfg = Release|Any CPU
		{10B589A3-1FB0-48A9-9AE4-A61A23E123C2}.Release|Any CPU.Build.0 = Release|Any CPU
		{23F7D33E-A185-488E-8693-45663678A6B1}.Debug|Any CPU.ActiveCfg = Debug|Any CPU
		{23F7D33E-A185-488E-8693-45663678A6B1}.Debug|Any CPU.Build.0 = Debug|Any CPU
		{23F7D33E-A185-488E-8693-45663678A6B1}.Release|Any CPU.ActiveCfg = Release|Any CPU
		{23F7D33E-A185-488E-8693-45663678A6B1}.Release|Any CPU.Build.0 = Release|Any CPU
		{62F433D8-3FF1-498F-95D1-4A8294631911}.Debug|Any CPU.ActiveCfg = Debug|Any CPU
		{62F433D8-3FF1-498F-95D1-4A8294631911}.Debug|Any CPU.Build.0 = Debug|Any CPU
		{62F433D8-3FF1-498F-95D1-4A8294631911}.Release|Any CPU.ActiveCfg = Release|Any CPU
		{62F433D8-3FF1-498F-95D1-4A8294631911}.Release|Any CPU.Build.0 = Release|Any CPU
	EndGlobalSection
	GlobalSection(SolutionProperties) = preSolution
		HideSolutionNode = FALSE
	EndGlobalSection
	GlobalSection(NestedProjects) = preSolution
		{498AFB2B-6F35-455D-A973-EBA95FAB9C05} = {C5240735-8F0A-47B2-8085-58428A95DA94}
		{688372CA-8854-4ED4-ACDA-3F3BAE6293E6} = {498AFB2B-6F35-455D-A973-EBA95FAB9C05}
		{9EED3077-8768-4988-A233-67EC950B7BFF} = {C5240735-8F0A-47B2-8085-58428A95DA94}
		{3CF7FF78-CCFF-4336-97B4-F23C32B90C0C} = {9EED3077-8768-4988-A233-67EC950B7BFF}
		{7C34A078-B075-4ACC-A69D-D8B8D460FAC3} = {C5240735-8F0A-47B2-8085-58428A95DA94}
		{4D443439-124C-4979-BFF9-18936DBCC88A} = {7C34A078-B075-4ACC-A69D-D8B8D460FAC3}
		{50B7EED0-1010-4C69-9071-9017C943CCEA} = {7C34A078-B075-4ACC-A69D-D8B8D460FAC3}
		{705ABDB9-8705-4F28-970C-5E1051D7A50B} = {C5240735-8F0A-47B2-8085-58428A95DA94}
		{79AF8C09-ECA0-4610-ACD5-D26515CE9690} = {705ABDB9-8705-4F28-970C-5E1051D7A50B}
		{10B589A3-1FB0-48A9-9AE4-A61A23E123C2} = {705ABDB9-8705-4F28-970C-5E1051D7A50B}
		{23F7D33E-A185-488E-8693-45663678A6B1} = {705ABDB9-8705-4F28-970C-5E1051D7A50B}
		{62F433D8-3FF1-498F-95D1-4A8294631911} = {705ABDB9-8705-4F28-970C-5E1051D7A50B}
	EndGlobalSection
	GlobalSection(ExtensibilityGlobals) = postSolution
		SolutionGuid = {1C199FA1-691F-4CF8-BF93-52E99A417611}
	EndGlobalSection
EndGlobal
