
Microsoft Visual Studio Solution File, Format Version 12.00
# Visual Studio Version 17
VisualStudioVersion = 17.1.32421.90
MinimumVisualStudioVersion = 10.0.40219.1
Project("{2150E333-8FDC-42A3-9474-1A3956D46DE8}") = "Services", "Services", "{C5240735-8F0A-47B2-8085-58428A95DA94}"
EndProject
Project("{2150E333-8FDC-42A3-9474-1A3956D46DE8}") = "Cataog", "Cataog", "{498AFB2B-6F35-455D-A973-EBA95FAB9C05}"
EndProject
Project("{9A19103F-16F7-4668-BE54-9A1E7A4F7556}") = "Catalog.API", "Services\Catalog\Catalog.API\Catalog.API.csproj", "{688372CA-8854-4ED4-ACDA-3F3BAE6293E6}"
EndProject
Project("{E53339B2-1760-4266-BCC7-CA923CBCF16C}") = "docker-compose", "docker-compose.dcproj", "{0F6814A3-506E-4ABD-B549-E32E46E681FE}"
EndProject
Global
	GlobalSection(SolutionConfigurationPlatforms) = preSolution
		Debug|Any CPU = Debug|Any CPU
		Release|Any CPU = Release|Any CPU
	EndGlobalSection
	GlobalSection(ProjectConfigurationPlatforms) = postSolution
		{688372CA-8854-4ED4-ACDA-3F3BAE6293E6}.Debug|Any CPU.ActiveCfg = Debug|Any CPU
		{688372CA-8854-4ED4-ACDA-3F3BAE6293E6}.Debug|Any CPU.Build.0 = Debug|Any CPU
		{688372CA-8854-4ED4-ACDA-3F3BAE6293E6}.Release|Any CPU.ActiveCfg = Release|Any CPU
		{688372CA-8854-4ED4-ACDA-3F3BAE6293E6}.Release|Any CPU.Build.0 = Release|Any CPU
		{0F6814A3-506E-4ABD-B549-E32E46E681FE}.Debug|Any CPU.ActiveCfg = Debug|Any CPU
		{0F6814A3-506E-4ABD-B549-E32E46E681FE}.Debug|Any CPU.Build.0 = Debug|Any CPU
		{0F6814A3-506E-4ABD-B549-E32E46E681FE}.Release|Any CPU.ActiveCfg = Release|Any CPU
		{0F6814A3-506E-4ABD-B549-E32E46E681FE}.Release|Any CPU.Build.0 = Release|Any CPU
	EndGlobalSection
	GlobalSection(SolutionProperties) = preSolution
		HideSolutionNode = FALSE
	EndGlobalSection
	GlobalSection(NestedProjects) = preSolution
		{498AFB2B-6F35-455D-A973-EBA95FAB9C05} = {C5240735-8F0A-47B2-8085-58428A95DA94}
		{688372CA-8854-4ED4-ACDA-3F3BAE6293E6} = {498AFB2B-6F35-455D-A973-EBA95FAB9C05}
	EndGlobalSection
	GlobalSection(ExtensibilityGlobals) = postSolution
		SolutionGuid = {1C199FA1-691F-4CF8-BF93-52E99A417611}
	EndGlobalSection
EndGlobal
